// !$*UTF8*$!
{
	archiveVersion = 1;
	classes = {
	};
	objectVersion = 46;
	objects = {

/* Begin PBXBuildFile section */
		5684CB3D1CE0870500241E2B /* AppDelegate.swift in Sources */ = {isa = PBXBuildFile; fileRef = 5684CB3C1CE0870500241E2B /* AppDelegate.swift */; };
		5684CB3F1CE0870500241E2B /* ViewController.swift in Sources */ = {isa = PBXBuildFile; fileRef = 5684CB3E1CE0870500241E2B /* ViewController.swift */; };
		5684CB421CE0870500241E2B /* Main.storyboard in Resources */ = {isa = PBXBuildFile; fileRef = 5684CB401CE0870500241E2B /* Main.storyboard */; };
		5684CB441CE0870500241E2B /* Assets.xcassets in Resources */ = {isa = PBXBuildFile; fileRef = 5684CB431CE0870500241E2B /* Assets.xcassets */; };
		5684CB471CE0870500241E2B /* LaunchScreen.storyboard in Resources */ = {isa = PBXBuildFile; fileRef = 5684CB451CE0870500241E2B /* LaunchScreen.storyboard */; };
		5684CB521CE0870500241E2B /* IOS_CalculatorTests.swift in Sources */ = {isa = PBXBuildFile; fileRef = 5684CB511CE0870500241E2B /* IOS_CalculatorTests.swift */; };
		5684CB5D1CE0870500241E2B /* IOS_CalculatorUITests.swift in Sources */ = {isa = PBXBuildFile; fileRef = 5684CB5C1CE0870500241E2B /* IOS_CalculatorUITests.swift */; };
/* End PBXBuildFile section */

/* Begin PBXContainerItemProxy section */
		5684CB4E1CE0870500241E2B /* PBXContainerItemProxy */ = {
			isa = PBXContainerItemProxy;
			containerPortal = 5684CB311CE0870500241E2B /* Project object */;
			proxyType = 1;
			remoteGlobalIDString = 5684CB381CE0870500241E2B;
			remoteInfo = "IOS Calculator";
		};
		5684CB591CE0870500241E2B /* PBXContainerItemProxy */ = {
			isa = PBXContainerItemProxy;
			containerPortal = 5684CB311CE0870500241E2B /* Project object */;
			proxyType = 1;
			remoteGlobalIDString = 5684CB381CE0870500241E2B;
			remoteInfo = "IOS Calculator";
		};
/* End PBXContainerItemProxy section */

/* Begin PBXFileReference section */
		5684CB391CE0870500241E2B /* IOS Calculator.app */ = {isa = PBXFileReference; explicitFileType = wrapper.application; includeInIndex = 0; path = "IOS Calculator.app"; sourceTree = BUILT_PRODUCTS_DIR; };
		5684CB3C1CE0870500241E2B /* AppDelegate.swift */ = {isa = PBXFileReference; lastKnownFileType = sourcecode.swift; path = AppDelegate.swift; sourceTree = "<group>"; };
		5684CB3E1CE0870500241E2B /* ViewController.swift */ = {isa = PBXFileReference; lastKnownFileType = sourcecode.swift; path = ViewController.swift; sourceTree = "<group>"; };
		5684CB411CE0870500241E2B /* Base */ = {isa = PBXFileReference; lastKnownFileType = file.storyboard; name = Base; path = Base.lproj/Main.storyboard; sourceTree = "<group>"; };
		5684CB431CE0870500241E2B /* Assets.xcassets */ = {isa = PBXFileReference; lastKnownFileType = folder.assetcatalog; path = Assets.xcassets; sourceTree = "<group>"; };
		5684CB461CE0870500241E2B /* Base */ = {isa = PBXFileReference; lastKnownFileType = file.storyboard; name = Base; path = Base.lproj/LaunchScreen.storyboard; sourceTree = "<group>"; };
		5684CB481CE0870500241E2B /* Info.plist */ = {isa = PBXFileReference; lastKnownFileType = text.plist.xml; path = Info.plist; sourceTree = "<group>"; };
		5684CB4D1CE0870500241E2B /* IOS CalculatorTests.xctest */ = {isa = PBXFileReference; explicitFileType = wrapper.cfbundle; includeInIndex = 0; path = "IOS CalculatorTests.xctest"; sourceTree = BUILT_PRODUCTS_DIR; };
		5684CB511CE0870500241E2B /* IOS_CalculatorTests.swift */ = {isa = PBXFileReference; lastKnownFileType = sourcecode.swift; path = IOS_CalculatorTests.swift; sourceTree = "<group>"; };
		5684CB531CE0870500241E2B /* Info.plist */ = {isa = PBXFileReference; lastKnownFileType = text.plist.xml; path = Info.plist; sourceTree = "<group>"; };
		5684CB581CE0870500241E2B /* IOS CalculatorUITests.xctest */ = {isa = PBXFileReference; explicitFileType = wrapper.cfbundle; includeInIndex = 0; path = "IOS CalculatorUITests.xctest"; sourceTree = BUILT_PRODUCTS_DIR; };
		5684CB5C1CE0870500241E2B /* IOS_CalculatorUITests.swift */ = {isa = PBXFileReference; lastKnownFileType = sourcecode.swift; path = IOS_CalculatorUITests.swift; sourceTree = "<group>"; };
		5684CB5E1CE0870500241E2B /* Info.plist */ = {isa = PBXFileReference; lastKnownFileType = text.plist.xml; path = Info.plist; sourceTree = "<group>"; };
/* End PBXFileReference section */

/* Begin PBXFrameworksBuildPhase section */
		5684CB361CE0870500241E2B /* Frameworks */ = {
			isa = PBXFrameworksBuildPhase;
			buildActionMask = 2147483647;
			files = (
			);
			runOnlyForDeploymentPostprocessing = 0;
		};
		5684CB4A1CE0870500241E2B /* Frameworks */ = {
			isa = PBXFrameworksBuildPhase;
			buildActionMask = 2147483647;
			files = (
			);
			runOnlyForDeploymentPostprocessing = 0;
		};
		5684CB551CE0870500241E2B /* Frameworks */ = {
			isa = PBXFrameworksBuildPhase;
			buildActionMask = 2147483647;
			files = (
			);
			runOnlyForDeploymentPostprocessing = 0;
		};
/* End PBXFrameworksBuildPhase section */

/* Begin PBXGroup section */
		5684CB301CE0870500241E2B = {
			isa = PBXGroup;
			children = (
				5684CB3B1CE0870500241E2B /* IOS Calculator */,
				5684CB501CE0870500241E2B /* IOS CalculatorTests */,
				5684CB5B1CE0870500241E2B /* IOS CalculatorUITests */,
				5684CB3A1CE0870500241E2B /* Products */,
			);
			sourceTree = "<group>";
		};
		5684CB3A1CE0870500241E2B /* Products */ = {
			isa = PBXGroup;
			children = (
				5684CB391CE0870500241E2B /* IOS Calculator.app */,
				5684CB4D1CE0870500241E2B /* IOS CalculatorTests.xctest */,
				5684CB581CE0870500241E2B /* IOS CalculatorUITests.xctest */,
			);
			name = Products;
			sourceTree = "<group>";
		};
		5684CB3B1CE0870500241E2B /* IOS Calculator */ = {
			isa = PBXGroup;
			children = (
				5684CB3C1CE0870500241E2B /* AppDelegate.swift */,
				5684CB3E1CE0870500241E2B /* ViewController.swift */,
				5684CB401CE0870500241E2B /* Main.storyboard */,
				5684CB431CE0870500241E2B /* Assets.xcassets */,
				5684CB451CE0870500241E2B /* LaunchScreen.storyboard */,
				5684CB481CE0870500241E2B /* Info.plist */,
			);
			path = "IOS Calculator";
			sourceTree = "<group>";
		};
		5684CB501CE0870500241E2B /* IOS CalculatorTests */ = {
			isa = PBXGroup;
			children = (
				5684CB511CE0870500241E2B /* IOS_CalculatorTests.swift */,
				5684CB531CE0870500241E2B /* Info.plist */,
			);
			path = "IOS CalculatorTests";
			sourceTree = "<group>";
		};
		5684CB5B1CE0870500241E2B /* IOS CalculatorUITests */ = {
			isa = PBXGroup;
			children = (
				5684CB5C1CE0870500241E2B /* IOS_CalculatorUITests.swift */,
				5684CB5E1CE0870500241E2B /* Info.plist */,
			);
			path = "IOS CalculatorUITests";
			sourceTree = "<group>";
		};
/* End PBXGroup section */

/* Begin PBXNativeTarget section */
		5684CB381CE0870500241E2B /* IOS Calculator */ = {
			isa = PBXNativeTarget;
			buildConfigurationList = 5684CB611CE0870500241E2B /* Build configuration list for PBXNativeTarget "IOS Calculator" */;
			buildPhases = (
				5684CB351CE0870500241E2B /* Sources */,
				5684CB361CE0870500241E2B /* Frameworks */,
				5684CB371CE0870500241E2B /* Resources */,
			);
			buildRules = (
			);
			dependencies = (
			);
			name = "IOS Calculator";
			productName = "IOS Calculator";
			productReference = 5684CB391CE0870500241E2B /* IOS Calculator.app */;
			productType = "com.apple.product-type.application";
		};
		5684CB4C1CE0870500241E2B /* IOS CalculatorTests */ = {
			isa = PBXNativeTarget;
			buildConfigurationList = 5684CB641CE0870500241E2B /* Build configuration list for PBXNativeTarget "IOS CalculatorTests" */;
			buildPhases = (
				5684CB491CE0870500241E2B /* Sources */,
				5684CB4A1CE0870500241E2B /* Frameworks */,
				5684CB4B1CE0870500241E2B /* Resources */,
			);
			buildRules = (
			);
			dependencies = (
				5684CB4F1CE0870500241E2B /* PBXTargetDependency */,
			);
			name = "IOS CalculatorTests";
			productName = "IOS CalculatorTests";
			productReference = 5684CB4D1CE0870500241E2B /* IOS CalculatorTests.xctest */;
			productType = "com.apple.product-type.bundle.unit-test";
		};
		5684CB571CE0870500241E2B /* IOS CalculatorUITests */ = {
			isa = PBXNativeTarget;
			buildConfigurationList = 5684CB671CE0870500241E2B /* Build configuration list for PBXNativeTarget "IOS CalculatorUITests" */;
			buildPhases = (
				5684CB541CE0870500241E2B /* Sources */,
				5684CB551CE0870500241E2B /* Frameworks */,
				5684CB561CE0870500241E2B /* Resources */,
			);
			buildRules = (
			);
			dependencies = (
				5684CB5A1CE0870500241E2B /* PBXTargetDependency */,
			);
			name = "IOS CalculatorUITests";
			productName = "IOS CalculatorUITests";
			productReference = 5684CB581CE0870500241E2B /* IOS CalculatorUITests.xctest */;
			productType = "com.apple.product-type.bundle.ui-testing";
		};
/* End PBXNativeTarget section */

/* Begin PBXProject section */
		5684CB311CE0870500241E2B /* Project object */ = {
			isa = PBXProject;
			attributes = {
				LastSwiftUpdateCheck = 0730;
				LastUpgradeCheck = 0730;
				ORGANIZATIONNAME = "Gamal Shaban";
				TargetAttributes = {
					5684CB381CE0870500241E2B = {
						CreatedOnToolsVersion = 7.3;
						DevelopmentTeam = 6FWG294TMS;
					};
					5684CB4C1CE0870500241E2B = {
						CreatedOnToolsVersion = 7.3;
						DevelopmentTeam = 6FWG294TMS;
						TestTargetID = 5684CB381CE0870500241E2B;
					};
					5684CB571CE0870500241E2B = {
						CreatedOnToolsVersion = 7.3;
						DevelopmentTeam = 6FWG294TMS;
						TestTargetID = 5684CB381CE0870500241E2B;
					};
				};
			};
			buildConfigurationList = 5684CB341CE0870500241E2B /* Build configuration list for PBXProject "IOS Calculator" */;
			compatibilityVersion = "Xcode 3.2";
			developmentRegion = English;
			hasScannedForEncodings = 0;
			knownRegions = (
				en,
				Base,
			);
			mainGroup = 5684CB301CE0870500241E2B;
			productRefGroup = 5684CB3A1CE0870500241E2B /* Products */;
			projectDirPath = "";
			projectRoot = "";
			targets = (
				5684CB381CE0870500241E2B /* IOS Calculator */,
				5684CB4C1CE0870500241E2B /* IOS CalculatorTests */,
				5684CB571CE0870500241E2B /* IOS CalculatorUITests */,
			);
		};
/* End PBXProject section */

/* Begin PBXResourcesBuildPhase section */
		5684CB371CE0870500241E2B /* Resources */ = {
			isa = PBXResourcesBuildPhase;
			buildActionMask = 2147483647;
			files = (
				5684CB471CE0870500241E2B /* LaunchScreen.storyboard in Resources */,
				5684CB441CE0870500241E2B /* Assets.xcassets in Resources */,
				5684CB421CE0870500241E2B /* Main.storyboard in Resources */,
			);
			runOnlyForDeploymentPostprocessing = 0;
		};
		5684CB4B1CE0870500241E2B /* Resources */ = {
			isa = PBXResourcesBuildPhase;
			buildActionMask = 2147483647;
			files = (
			);
			runOnlyForDeploymentPostprocessing = 0;
		};
		5684CB561CE0870500241E2B /* Resources */ = {
			isa = PBXResourcesBuildPhase;
			buildActionMask = 2147483647;
			files = (
			);
			runOnlyForDeploymentPostprocessing = 0;
		};
/* End PBXResourcesBuildPhase section */

/* Begin PBXSourcesBuildPhase section */
		5684CB351CE0870500241E2B /* Sources */ = {
			isa = PBXSourcesBuildPhase;
			buildActionMask = 2147483647;
			files = (
				5684CB3F1CE0870500241E2B /* ViewController.swift in Sources */,
				5684CB3D1CE0870500241E2B /* AppDelegate.swift in Sources */,
			);
			runOnlyForDeploymentPostprocessing = 0;
		};
		5684CB491CE0870500241E2B /* Sources */ = {
			isa = PBXSourcesBuildPhase;
			buildActionMask = 2147483647;
			files = (
				5684CB521CE0870500241E2B /* IOS_CalculatorTests.swift in Sources */,
			);
			runOnlyForDeploymentPostprocessing = 0;
		};
		5684CB541CE0870500241E2B /* Sources */ = {
			isa = PBXSourcesBuildPhase;
			buildActionMask = 2147483647;
			files = (
				5684CB5D1CE0870500241E2B /* IOS_CalculatorUITests.swift in Sources */,
			);
			runOnlyForDeploymentPostprocessing = 0;
		};
/* End PBXSourcesBuildPhase section */

/* Begin PBXTargetDependency section */
		5684CB4F1CE0870500241E2B /* PBXTargetDependency */ = {
			isa = PBXTargetDependency;
			target = 5684CB381CE0870500241E2B /* IOS Calculator */;
			targetProxy = 5684CB4E1CE0870500241E2B /* PBXContainerItemProxy */;
		};
		5684CB5A1CE0870500241E2B /* PBXTargetDependency */ = {
			isa = PBXTargetDependency;
			target = 5684CB381CE0870500241E2B /* IOS Calculator */;
			targetProxy = 5684CB591CE0870500241E2B /* PBXContainerItemProxy */;
		};
/* End PBXTargetDependency section */

/* Begin PBXVariantGroup section */
		5684CB401CE0870500241E2B /* Main.storyboard */ = {
			isa = PBXVariantGroup;
			children = (
				5684CB411CE0870500241E2B /* Base */,
			);
			name = Main.storyboard;
			sourceTree = "<group>";
		};
		5684CB451CE0870500241E2B /* LaunchScreen.storyboard */ = {
			isa = PBXVariantGroup;
			children = (
				5684CB461CE0870500241E2B /* Base */,
			);
			name = LaunchScreen.storyboard;
			sourceTree = "<group>";
		};
/* End PBXVariantGroup section */

/* Begin XCBuildConfiguration section */
		5684CB5F1CE0870500241E2B /* Debug */ = {
			isa = XCBuildConfiguration;
			buildSettings = {
				ALWAYS_SEARCH_USER_PATHS = NO;
				CLANG_ANALYZER_NONNULL = YES;
				CLANG_CXX_LANGUAGE_STANDARD = "gnu++0x";
				CLANG_CXX_LIBRARY = "libc++";
				CLANG_ENABLE_MODULES = YES;
				CLANG_ENABLE_OBJC_ARC = YES;
				CLANG_WARN_BOOL_CONVERSION = YES;
				CLANG_WARN_CONSTANT_CONVERSION = YES;
				CLANG_WARN_DIRECT_OBJC_ISA_USAGE = YES_ERROR;
				CLANG_WARN_EMPTY_BODY = YES;
				CLANG_WARN_ENUM_CONVERSION = YES;
				CLANG_WARN_INT_CONVERSION = YES;
				CLANG_WARN_OBJC_ROOT_CLASS = YES_ERROR;
				CLANG_WARN_UNREACHABLE_CODE = YES;
				CLANG_WARN__DUPLICATE_METHOD_MATCH = YES;
				"CODE_SIGN_IDENTITY[sdk=iphoneos*]" = "iPhone Developer";
				COPY_PHASE_STRIP = NO;
				DEBUG_INFORMATION_FORMAT = dwarf;
				ENABLE_STRICT_OBJC_MSGSEND = YES;
				ENABLE_TESTABILITY = YES;
				GCC_C_LANGUAGE_STANDARD = gnu99;
				GCC_DYNAMIC_NO_PIC = NO;
				GCC_NO_COMMON_BLOCKS = YES;
				GCC_OPTIMIZATION_LEVEL = 0;
				GCC_PREPROCESSOR_DEFINITIONS = (
					"DEBUG=1",
					"$(inherited)",
				);
				GCC_WARN_64_TO_32_BIT_CONVERSION = YES;
				GCC_WARN_ABOUT_RETURN_TYPE = YES_ERROR;
				GCC_WARN_UNDECLARED_SELECTOR = YES;
				GCC_WARN_UNINITIALIZED_AUTOS = YES_AGGRESSIVE;
				GCC_WARN_UNUSED_FUNCTION = YES;
				GCC_WARN_UNUSED_VARIABLE = YES;
				IPHONEOS_DEPLOYMENT_TARGET = 9.3;
				MTL_ENABLE_DEBUG_INFO = YES;
				ONLY_ACTIVE_ARCH = YES;
				SDKROOT = iphoneos;
				SWIFT_OPTIMIZATION_LEVEL = "-Onone";
				TARGETED_DEVICE_FAMILY = "1,2";
			};
			name = Debug;
		};
		5684CB601CE0870500241E2B /* Release */ = {
			isa = XCBuildConfiguration;
			buildSettings = {
				ALWAYS_SEARCH_USER_PATHS = NO;
				CLANG_ANALYZER_NONNULL = YES;
				CLANG_CXX_LANGUAGE_STANDARD = "gnu++0x";
				CLANG_CXX_LIBRARY = "libc++";
				CLANG_ENABLE_MODULES = YES;
				CLANG_ENABLE_OBJC_ARC = YES;
				CLANG_WARN_BOOL_CONVERSION = YES;
				CLANG_WARN_CONSTANT_CONVERSION = YES;
				CLANG_WARN_DIRECT_OBJC_ISA_USAGE = YES_ERROR;
				CLANG_WARN_EMPTY_BODY = YES;
				CLANG_WARN_ENUM_CONVERSION = YES;
				CLANG_WARN_INT_CONVERSION = YES;
				CLANG_WARN_OBJC_ROOT_CLASS = YES_ERROR;
				CLANG_WARN_UNREACHABLE_CODE = YES;
				CLANG_WARN__DUPLICATE_METHOD_MATCH = YES;
				"CODE_SIGN_IDENTITY[sdk=iphoneos*]" = "iPhone Developer";
				COPY_PHASE_STRIP = NO;
				DEBUG_INFORMATION_FORMAT = "dwarf-with-dsym";
				ENABLE_NS_ASSERTIONS = NO;
				ENABLE_STRICT_OBJC_MSGSEND = YES;
				GCC_C_LANGUAGE_STANDARD = gnu99;
				GCC_NO_COMMON_BLOCKS = YES;
				GCC_WARN_64_TO_32_BIT_CONVERSION = YES;
				GCC_WARN_ABOUT_RETURN_TYPE = YES_ERROR;
				GCC_WARN_UNDECLARED_SELECTOR = YES;
				GCC_WARN_UNINITIALIZED_AUTOS = YES_AGGRESSIVE;
				GCC_WARN_UNUSED_FUNCTION = YES;
				GCC_WARN_UNUSED_VARIABLE = YES;
				IPHONEOS_DEPLOYMENT_TARGET = 9.3;
				MTL_ENABLE_DEBUG_INFO = NO;
				SDKROOT = iphoneos;
				TARGETED_DEVICE_FAMILY = "1,2";
				VALIDATE_PRODUCT = YES;
			};
			name = Release;
		};
		5684CB621CE0870500241E2B /* Debug */ = {
			isa = XCBuildConfiguration;
			buildSettings = {
				ASSETCATALOG_COMPILER_APPICON_NAME = AppIcon;
				INFOPLIST_FILE = "IOS Calculator/Info.plist";
				LD_RUNPATH_SEARCH_PATHS = "$(inherited) @executable_path/Frameworks";
				PRODUCT_BUNDLE_IDENTIFIER = "com.gamal-shaban.IOS-Calculator";
				PRODUCT_NAME = "$(TARGET_NAME)";
			};
			name = Debug;
		};
		5684CB631CE0870500241E2B /* Release */ = {
			isa = XCBuildConfiguration;
			buildSettings = {
				ASSETCATALOG_COMPILER_APPICON_NAME = AppIcon;
				INFOPLIST_FILE = "IOS Calculator/Info.plist";
				LD_RUNPATH_SEARCH_PATHS = "$(inherited) @executable_path/Frameworks";
				PRODUCT_BUNDLE_IDENTIFIER = "com.gamal-shaban.IOS-Calculator";
				PRODUCT_NAME = "$(TARGET_NAME)";
			};
			name = Release;
		};
		5684CB651CE0870500241E2B /* Debug */ = {
			isa = XCBuildConfiguration;
			buildSettings = {
				BUNDLE_LOADER = "$(TEST_HOST)";
				INFOPLIST_FILE = "IOS CalculatorTests/Info.plist";
				LD_RUNPATH_SEARCH_PATHS = "$(inherited) @executable_path/Frameworks @loader_path/Frameworks";
				PRODUCT_BUNDLE_IDENTIFIER = "com.gamal-shaban.IOS-CalculatorTests";
				PRODUCT_NAME = "$(TARGET_NAME)";
				TEST_HOST = "$(BUILT_PRODUCTS_DIR)/IOS Calculator.app/IOS Calculator";
			};
			name = Debug;
		};
		5684CB661CE0870500241E2B /* Release */ = {
			isa = XCBuildConfiguration;
			buildSettings = {
				BUNDLE_LOADER = "$(TEST_HOST)";
				INFOPLIST_FILE = "IOS CalculatorTests/Info.plist";
				LD_RUNPATH_SEARCH_PATHS = "$(inherited) @executable_path/Frameworks @loader_path/Frameworks";
				PRODUCT_BUNDLE_IDENTIFIER = "com.gamal-shaban.IOS-CalculatorTests";
				PRODUCT_NAME = "$(TARGET_NAME)";
				TEST_HOST = "$(BUILT_PRODUCTS_DIR)/IOS Calculator.app/IOS Calculator";
			};
			name = Release;
		};
		5684CB681CE0870500241E2B /* Debug */ = {
			isa = XCBuildConfiguration;
			buildSettings = {
				INFOPLIST_FILE = "IOS CalculatorUITests/Info.plist";
				LD_RUNPATH_SEARCH_PATHS = "$(inherited) @executable_path/Frameworks @loader_path/Frameworks";
				PRODUCT_BUNDLE_IDENTIFIER = "com.gamal-shaban.IOS-CalculatorUITests";
				PRODUCT_NAME = "$(TARGET_NAME)";
				TEST_TARGET_NAME = "IOS Calculator";
			};
			name = Debug;
		};
		5684CB691CE0870500241E2B /* Release */ = {
			isa = XCBuildConfiguration;
			buildSettings = {
				INFOPLIST_FILE = "IOS CalculatorUITests/Info.plist";
				LD_RUNPATH_SEARCH_PATHS = "$(inherited) @executable_path/Frameworks @loader_path/Frameworks";
				PRODUCT_BUNDLE_IDENTIFIER = "com.gamal-shaban.IOS-CalculatorUITests";
				PRODUCT_NAME = "$(TARGET_NAME)";
				TEST_TARGET_NAME = "IOS Calculator";
			};
			name = Release;
		};
/* End XCBuildConfiguration section */

/* Begin XCConfigurationList section */
		5684CB341CE0870500241E2B /* Build configuration list for PBXProject "IOS Calculator" */ = {
			isa = XCConfigurationList;
			buildConfigurations = (
				5684CB5F1CE0870500241E2B /* Debug */,
				5684CB601CE0870500241E2B /* Release */,
			);
			defaultConfigurationIsVisible = 0;
			defaultConfigurationName = Release;
		};
		5684CB611CE0870500241E2B /* Build configuration list for PBXNativeTarget "IOS Calculator" */ = {
			isa = XCConfigurationList;
			buildConfigurations = (
				5684CB621CE0870500241E2B /* Debug */,
				5684CB631CE0870500241E2B /* Release */,
			);
			defaultConfigurationIsVisible = 0;
		};
		5684CB641CE0870500241E2B /* Build configuration list for PBXNativeTarget "IOS CalculatorTests" */ = {
			isa = XCConfigurationList;
			buildConfigurations = (
				5684CB651CE0870500241E2B /* Debug */,
				5684CB661CE0870500241E2B /* Release */,
			);
			defaultConfigurationIsVisible = 0;
		};
		5684CB671CE0870500241E2B /* Build configuration list for PBXNativeTarget "IOS CalculatorUITests" */ = {
			isa = XCConfigurationList;
			buildConfigurations = (
				5684CB681CE0870500241E2B /* Debug */,
				5684CB691CE0870500241E2B /* Release */,
			);
			defaultConfigurationIsVisible = 0;
		};
/* End XCConfigurationList section */
	};
	rootObject = 5684CB311CE0870500241E2B /* Project object */;
}
